{
  "version": 4,
  "terraform_version": "1.0.11",
  "serial": 67,
  "lineage": "17031583-b117-6c30-63e3-0b9ff36ef9ac",
  "outputs": {},
  "resources": [
    {
      "mode": "managed",
      "type": "aws_s3_bucket",
      "name": "static",
      "provider": "provider[\"registry.terraform.io/hashicorp/aws\"]",
      "instances": [
        {
          "schema_version": 0,
          "attributes": {
            "acceleration_status": "",
            "acl": "public-read",
            "arn": "arn:aws:s3:::line-chatbot-static",
            "bucket": "line-chatbot-static",
            "bucket_domain_name": "line-chatbot-static.s3.amazonaws.com",
            "bucket_prefix": null,
            "bucket_regional_domain_name": "line-chatbot-static.s3.us-east-2.amazonaws.com",
            "cors_rule": [],
            "force_destroy": false,
            "grant": [
              {
                "id": "",
                "permissions": [
                  "READ"
                ],
                "type": "Group",
                "uri": "http://acs.amazonaws.com/groups/global/AllUsers"
              },
              {
                "id": "4a7ae80bfaf21e07126c1cfc996860e8a8020612e381e37b1d036e2897d1ebc8",
                "permissions": [
                  "FULL_CONTROL"
                ],
                "type": "CanonicalUser",
                "uri": ""
              }
            ],
            "hosted_zone_id": "Z2O1EMRO9K5GLX",
            "id": "line-chatbot-static",
            "lifecycle_rule": [],
            "logging": [],
            "object_lock_configuration": [],
            "object_lock_enabled": false,
            "policy": "{\"Version\":\"2012-10-17\",\"Statement\":[{\"Sid\":\"PublicReadGetObject\",\"Effect\":\"Allow\",\"Principal\":\"*\",\"Action\":\"s3:GetObject\",\"Resource\":\"arn:aws:s3:::line-chatbot-static/*\"}]}",
            "region": "us-east-2",
            "replication_configuration": [],
            "request_payer": "BucketOwner",
            "server_side_encryption_configuration": [],
            "tags": {},
            "tags_all": {},
            "timeouts": null,
            "versioning": [
              {
                "enabled": false,
                "mfa_delete": false
              }
            ],
            "website": [
              {
                "error_document": "error.html",
                "index_document": "index.html",
                "redirect_all_requests_to": "",
                "routing_rules": ""
              }
            ],
            "website_domain": "s3-website.us-east-2.amazonaws.com",
            "website_endpoint": "line-chatbot-static.s3-website.us-east-2.amazonaws.com"
          },
          "sensitive_attributes": [],
          "private": "eyJlMmJmYjczMC1lY2FhLTExZTYtOGY4OC0zNDM2M2JjN2M0YzAiOnsiY3JlYXRlIjoxMjAwMDAwMDAwMDAwLCJkZWxldGUiOjM2MDAwMDAwMDAwMDAsInJlYWQiOjEyMDAwMDAwMDAwMDAsInVwZGF0ZSI6MTIwMDAwMDAwMDAwMH19"
        }
      ]
    },
    {
      "mode": "managed",
      "type": "aws_s3_bucket_object",
      "name": "object",
      "provider": "provider[\"registry.terraform.io/hashicorp/aws\"]",
      "instances": [
        {
          "index_key": "static-web/article-details.html",
          "schema_version": 0,
          "attributes": {
            "acl": "private",
            "bucket": "line-chatbot-static",
            "bucket_key_enabled": false,
            "cache_control": "",
            "content": null,
            "content_base64": null,
            "content_disposition": "",
            "content_encoding": "",
            "content_language": "",
            "content_type": "text/html",
            "etag": "35c7112df1a5625618a34612b895eccb",
            "force_destroy": false,
            "id": "/article-details.html",
            "key": "/article-details.html",
            "kms_key_id": null,
            "metadata": {},
            "object_lock_legal_hold_status": "",
            "object_lock_mode": "",
            "object_lock_retain_until_date": "",
            "server_side_encryption": "",
            "source": "static-web/article-details.html",
            "source_hash": null,
            "storage_class": "STANDARD",
            "tags": {},
            "tags_all": {},
            "version_id": "",
            "website_redirect": ""
          },
          "sensitive_attributes": [],
          "private": "bnVsbA==",
          "dependencies": [
            "aws_s3_bucket.static"
          ]
        },
        {
          "index_key": "static-web/css/bootstrap.css",
          "schema_version": 0,
          "attributes": {
            "acl": "private",
            "bucket": "line-chatbot-static",
            "bucket_key_enabled": false,
            "cache_control": "",
            "content": null,
            "content_base64": null,
            "content_disposition": "",
            "content_encoding": "",
            "content_language": "",
            "content_type": "text/css",
            "etag": "bd551f56ce2be3eba2812e605ab4f5b2",
            "force_destroy": false,
            "id": "/css/bootstrap.css",
            "key": "/css/bootstrap.css",
            "kms_key_id": null,
            "metadata": {},
            "object_lock_legal_hold_status": "",
            "object_lock_mode": "",
            "object_lock_retain_until_date": "",
            "server_side_encryption": "",
            "source": "static-web/css/bootstrap.css",
            "source_hash": null,
            "storage_class": "STANDARD",
            "tags": {},
            "tags_all": {},
            "version_id": "",
            "website_redirect": ""
          },
          "sensitive_attributes": [],
          "private": "bnVsbA==",
          "dependencies": [
            "aws_s3_bucket.static"
          ]
        },
        {
          "index_key": "static-web/css/fontawesome-all.css",
          "schema_version": 0,
          "attributes": {
            "acl": "private",
            "bucket": "line-chatbot-static",
            "bucket_key_enabled": false,
            "cache_control": "",
            "content": null,
            "content_base64": null,
            "content_disposition": "",
            "content_encoding": "",
            "content_language": "",
            "content_type": "text/css",
            "etag": "852ed9b9adcd394534c96102a0e05acf",
            "force_destroy": false,
            "id": "/css/fontawesome-all.css",
            "key": "/css/fontawesome-all.css",
            "kms_key_id": null,
            "metadata": {},
            "object_lock_legal_hold_status": "",
            "object_lock_mode": "",
            "object_lock_retain_until_date": "",
            "server_side_encryption": "",
            "source": "static-web/css/fontawesome-all.css",
            "source_hash": null,
            "storage_class": "STANDARD",
            "tags": {},
            "tags_all": {},
            "version_id": "",
            "website_redirect": ""
          },
          "sensitive_attributes": [],
          "private": "bnVsbA==",
          "dependencies": [
            "aws_s3_bucket.static"
          ]
        },
        {
          "index_key": "static-web/css/magnific-popup.css",
          "schema_version": 0,
          "attributes": {
            "acl": "private",
            "bucket": "line-chatbot-static",
            "bucket_key_enabled": false,
            "cache_control": "",
            "content": null,
            "content_base64": null,
            "content_disposition": "",
            "content_encoding": "",
            "content_language": "",
            "content_type": "text/css",
            "etag": "30b593b71d7672658f89bfea0ab360c9",
            "force_destroy": false,
            "id": "/css/magnific-popup.css",
            "key": "/css/magnific-popup.css",
            "kms_key_id": null,
            "metadata": {},
            "object_lock_legal_hold_status": "",
            "object_lock_mode": "",
            "object_lock_retain_until_date": "",
            "server_side_encryption": "",
            "source": "static-web/css/magnific-popup.css",
            "source_hash": null,
            "storage_class": "STANDARD",
            "tags": {},
            "tags_all": {},
            "version_id": "",
            "website_redirect": ""
          },
          "sensitive_attributes": [],
          "private": "bnVsbA==",
          "dependencies": [
            "aws_s3_bucket.static"
          ]
        },
        {
          "index_key": "static-web/css/styles.css",
          "schema_version": 0,
          "attributes": {
            "acl": "private",
            "bucket": "line-chatbot-static",
            "bucket_key_enabled": false,
            "cache_control": "",
            "content": null,
            "content_base64": null,
            "content_disposition": "",
            "content_encoding": "",
            "content_language": "",
            "content_type": "text/css",
            "etag": "cd584f3271ea94a6f7eced72fec4ec34",
            "force_destroy": false,
            "id": "/css/styles.css",
            "key": "/css/styles.css",
            "kms_key_id": null,
            "metadata": {},
            "object_lock_legal_hold_status": "",
            "object_lock_mode": "",
            "object_lock_retain_until_date": "",
            "server_side_encryption": "",
            "source": "static-web/css/styles.css",
            "source_hash": null,
            "storage_class": "STANDARD",
            "tags": {},
            "tags_all": {},
            "version_id": "",
            "website_redirect": ""
          },
          "sensitive_attributes": [],
          "private": "bnVsbA==",
          "dependencies": [
            "aws_s3_bucket.static"
          ]
        },
        {
          "index_key": "static-web/css/swiper.css",
          "schema_version": 0,
          "attributes": {
            "acl": "private",
            "bucket": "line-chatbot-static",
            "bucket_key_enabled": false,
            "cache_control": "",
            "content": null,
            "content_base64": null,
            "content_disposition": "",
            "content_encoding": "",
            "content_language": "",
            "content_type": "text/css",
            "etag": "1d814746f69121716ac9fefb559d7026",
            "force_destroy": false,
            "id": "/css/swiper.css",
            "key": "/css/swiper.css",
            "kms_key_id": null,
            "metadata": {},
            "object_lock_legal_hold_status": "",
            "object_lock_mode": "",
            "object_lock_retain_until_date": "",
            "server_side_encryption": "",
            "source": "static-web/css/swiper.css",
            "source_hash": null,
            "storage_class": "STANDARD",
            "tags": {},
            "tags_all": {},
            "version_id": "",
            "website_redirect": ""
          },
          "sensitive_attributes": [],
          "private": "bnVsbA==",
          "dependencies": [
            "aws_s3_bucket.static"
          ]
        },
        {
          "index_key": "static-web/images/article-details-large.jpg",
          "schema_version": 0,
          "attributes": {
            "acl": "private",
            "bucket": "line-chatbot-static",
            "bucket_key_enabled": false,
            "cache_control": "",
            "content": null,
            "content_base64": null,
            "content_disposition": "",
            "content_encoding": "",
            "content_language": "",
            "content_type": "image/jpeg",
            "etag": "745ce3f2fadb0d1108fd7a51804de5b4",
            "force_destroy": false,
            "id": "/images/article-details-large.jpg",
            "key": "/images/article-details-large.jpg",
            "kms_key_id": null,
            "metadata": {},
            "object_lock_legal_hold_status": "",
            "object_lock_mode": "",
            "object_lock_retain_until_date": "",
            "server_side_encryption": "",
            "source": "static-web/images/article-details-large.jpg",
            "source_hash": null,
            "storage_class": "STANDARD",
            "tags": {},
            "tags_all": {},
            "version_id": "",
            "website_redirect": ""
          },
          "sensitive_attributes": [],
          "private": "bnVsbA==",
          "dependencies": [
            "aws_s3_bucket.static"
          ]
        },
        {
          "index_key": "static-web/images/article-details-small.jpg",
          "schema_version": 0,
          "attributes": {
            "acl": "private",
            "bucket": "line-chatbot-static",
            "bucket_key_enabled": false,
            "cache_control": "",
            "content": null,
            "content_base64": null,
            "content_disposition": "",
            "content_encoding": "",
            "content_language": "",
            "content_type": "image/jpeg",
            "etag": "fe3d9cf56bb00c449283e4a9b656f1ce",
            "force_destroy": false,
            "id": "/images/article-details-small.jpg",
            "key": "/images/article-details-small.jpg",
            "kms_key_id": null,
            "metadata": {},
            "object_lock_legal_hold_status": "",
            "object_lock_mode": "",
            "object_lock_retain_until_date": "",
            "server_side_encryption": "",
            "source": "static-web/images/article-details-small.jpg",
            "source_hash": null,
            "storage_class": "STANDARD",
            "tags": {},
            "tags_all": {},
            "version_id": "",
            "website_redirect": ""
          },
          "sensitive_attributes": [],
          "private": "bnVsbA==",
          "dependencies": [
            "aws_s3_bucket.static"
          ]
        },
        {
          "index_key": "static-web/images/customer-logo-1.png",
          "schema_version": 0,
          "attributes": {
            "acl": "private",
            "bucket": "line-chatbot-static",
            "bucket_key_enabled": false,
            "cache_control": "",
            "content": null,
            "content_base64": null,
            "content_disposition": "",
            "content_encoding": "",
            "content_language": "",
            "content_type": "image/png",
            "etag": "29213447edbdb91c8f02e37b3186b177",
            "force_destroy": false,
            "id": "/images/customer-logo-1.png",
            "key": "/images/customer-logo-1.png",
            "kms_key_id": null,
            "metadata": {},
            "object_lock_legal_hold_status": "",
            "object_lock_mode": "",
            "object_lock_retain_until_date": "",
            "server_side_encryption": "",
            "source": "static-web/images/customer-logo-1.png",
            "source_hash": null,
            "storage_class": "STANDARD",
            "tags": {},
            "tags_all": {},
            "version_id": "",
            "website_redirect": ""
          },
          "sensitive_attributes": [],
          "private": "bnVsbA==",
          "dependencies": [
            "aws_s3_bucket.static"
          ]
        },
        {
          "index_key": "static-web/images/customer-logo-2.png",
          "schema_version": 0,
          "attributes": {
            "acl": "private",
            "bucket": "line-chatbot-static",
            "bucket_key_enabled": false,
            "cache_control": "",
            "content": null,
            "content_base64": null,
            "content_disposition": "",
            "content_encoding": "",
            "content_language": "",
            "content_type": "image/png",
            "etag": "91bb2f4e9b087acce43c4e9d27914729",
            "force_destroy": false,
            "id": "/images/customer-logo-2.png",
            "key": "/images/customer-logo-2.png",
            "kms_key_id": null,
            "metadata": {},
            "object_lock_legal_hold_status": "",
            "object_lock_mode": "",
            "object_lock_retain_until_date": "",
            "server_side_encryption": "",
            "source": "static-web/images/customer-logo-2.png",
            "source_hash": null,
            "storage_class": "STANDARD",
            "tags": {},
            "tags_all": {},
            "version_id": "",
            "website_redirect": ""
          },
          "sensitive_attributes": [],
          "private": "bnVsbA==",
          "dependencies": [
            "aws_s3_bucket.static"
          ]
        },
        {
          "index_key": "static-web/images/customer-logo-3.png",
          "schema_version": 0,
          "attributes": {
            "acl": "private",
            "bucket": "line-chatbot-static",
            "bucket_key_enabled": false,
            "cache_control": "",
            "content": null,
            "content_base64": null,
            "content_disposition": "",
            "content_encoding": "",
            "content_language": "",
            "content_type": "image/png",
            "etag": "f9d01aa4a205cd1c4439914b6d679e1c",
            "force_destroy": false,
            "id": "/images/customer-logo-3.png",
            "key": "/images/customer-logo-3.png",
            "kms_key_id": null,
            "metadata": {},
            "object_lock_legal_hold_status": "",
            "object_lock_mode": "",
            "object_lock_retain_until_date": "",
            "server_side_encryption": "",
            "source": "static-web/images/customer-logo-3.png",
            "source_hash": null,
            "storage_class": "STANDARD",
            "tags": {},
            "tags_all": {},
            "version_id": "",
            "website_redirect": ""
          },
          "sensitive_attributes": [],
          "private": "bnVsbA==",
          "dependencies": [
            "aws_s3_bucket.static"
          ]
        },
        {
          "index_key": "static-web/images/customer-logo-4.png",
          "schema_version": 0,
          "attributes": {
            "acl": "private",
            "bucket": "line-chatbot-static",
            "bucket_key_enabled": false,
            "cache_control": "",
            "content": null,
            "content_base64": null,
            "content_disposition": "",
            "content_encoding": "",
            "content_language": "",
            "content_type": "image/png",
            "etag": "3f86a9dbc84aff54d880b0bf32509331",
            "force_destroy": false,
            "id": "/images/customer-logo-4.png",
            "key": "/images/customer-logo-4.png",
            "kms_key_id": null,
            "metadata": {},
            "object_lock_legal_hold_status": "",
            "object_lock_mode": "",
            "object_lock_retain_until_date": "",
            "server_side_encryption": "",
            "source": "static-web/images/customer-logo-4.png",
            "source_hash": null,
            "storage_class": "STANDARD",
            "tags": {},
            "tags_all": {},
            "version_id": "",
            "website_redirect": ""
          },
          "sensitive_attributes": [],
          "private": "bnVsbA==",
          "dependencies": [
            "aws_s3_bucket.static"
          ]
        },
        {
          "index_key": "static-web/images/customer-logo-5.png",
          "schema_version": 0,
          "attributes": {
            "acl": "private",
            "bucket": "line-chatbot-static",
            "bucket_key_enabled": false,
            "cache_control": "",
            "content": null,
            "content_base64": null,
            "content_disposition": "",
            "content_encoding": "",
            "content_language": "",
            "content_type": "image/png",
            "etag": "2e309565a9d23e6501161ce21710c7b6",
            "force_destroy": false,
            "id": "/images/customer-logo-5.png",
            "key": "/images/customer-logo-5.png",
            "kms_key_id": null,
            "metadata": {},
            "object_lock_legal_hold_status": "",
            "object_lock_mode": "",
            "object_lock_retain_until_date": "",
            "server_side_encryption": "",
            "source": "static-web/images/customer-logo-5.png",
            "source_hash": null,
            "storage_class": "STANDARD",
            "tags": {},
            "tags_all": {},
            "version_id": "",
            "website_redirect": ""
          },
          "sensitive_attributes": [],
          "private": "bnVsbA==",
          "dependencies": [
            "aws_s3_bucket.static"
          ]
        },
        {
          "index_key": "static-web/images/decorative-blue-circle.svg",
          "schema_version": 0,
          "attributes": {
            "acl": "private",
            "bucket": "line-chatbot-static",
            "bucket_key_enabled": false,
            "cache_control": "",
            "content": null,
            "content_base64": null,
            "content_disposition": "",
            "content_encoding": "",
            "content_language": "",
            "content_type": "image/svg+xml",
            "etag": "ae3b2ba46b9f8a6f268cf29441861c5d",
            "force_destroy": false,
            "id": "/images/decorative-blue-circle.svg",
            "key": "/images/decorative-blue-circle.svg",
            "kms_key_id": null,
            "metadata": {},
            "object_lock_legal_hold_status": "",
            "object_lock_mode": "",
            "object_lock_retain_until_date": "",
            "server_side_encryption": "",
            "source": "static-web/images/decorative-blue-circle.svg",
            "source_hash": null,
            "storage_class": "STANDARD",
            "tags": {},
            "tags_all": {},
            "version_id": "",
            "website_redirect": ""
          },
          "sensitive_attributes": [],
          "private": "bnVsbA==",
          "dependencies": [
            "aws_s3_bucket.static"
          ]
        },
        {
          "index_key": "static-web/images/decorative-green-diamond.svg",
          "schema_version": 0,
          "attributes": {
            "acl": "private",
            "bucket": "line-chatbot-static",
            "bucket_key_enabled": false,
            "cache_control": "",
            "content": null,
            "content_base64": null,
            "content_disposition": "",
            "content_encoding": "",
            "content_language": "",
            "content_type": "image/svg+xml",
            "etag": "27f692e3003a1179433dedd0991e420b",
            "force_destroy": false,
            "id": "/images/decorative-green-diamond.svg",
            "key": "/images/decorative-green-diamond.svg",
            "kms_key_id": null,
            "metadata": {},
            "object_lock_legal_hold_status": "",
            "object_lock_mode": "",
            "object_lock_retain_until_date": "",
            "server_side_encryption": "",
            "source": "static-web/images/decorative-green-diamond.svg",
            "source_hash": null,
            "storage_class": "STANDARD",
            "tags": {},
            "tags_all": {},
            "version_id": "",
            "website_redirect": ""
          },
          "sensitive_attributes": [],
          "private": "bnVsbA==",
          "dependencies": [
            "aws_s3_bucket.static"
          ]
        },
        {
          "index_key": "static-web/images/decorative-white-circle.svg",
          "schema_version": 0,
          "attributes": {
            "acl": "private",
            "bucket": "line-chatbot-static",
            "bucket_key_enabled": false,
            "cache_control": "",
            "content": null,
            "content_base64": null,
            "content_disposition": "",
            "content_encoding": "",
            "content_language": "",
            "content_type": "image/svg+xml",
            "etag": "e74c0f19aed384274d618fe8f4443772",
            "force_destroy": false,
            "id": "/images/decorative-white-circle.svg",
            "key": "/images/decorative-white-circle.svg",
            "kms_key_id": null,
            "metadata": {},
            "object_lock_legal_hold_status": "",
            "object_lock_mode": "",
            "object_lock_retain_until_date": "",
            "server_side_encryption": "",
            "source": "static-web/images/decorative-white-circle.svg",
            "source_hash": null,
            "storage_class": "STANDARD",
            "tags": {},
            "tags_all": {},
            "version_id": "",
            "website_redirect": ""
          },
          "sensitive_attributes": [],
          "private": "bnVsbA==",
          "dependencies": [
            "aws_s3_bucket.static"
          ]
        },
        {
          "index_key": "static-web/images/decorative-yellow-circle.svg",
          "schema_version": 0,
          "attributes": {
            "acl": "private",
            "bucket": "line-chatbot-static",
            "bucket_key_enabled": false,
            "cache_control": "",
            "content": null,
            "content_base64": null,
            "content_disposition": "",
            "content_encoding": "",
            "content_language": "",
            "content_type": "image/svg+xml",
            "etag": "c40bb071dcefb4ae1221c516a0316959",
            "force_destroy": false,
            "id": "/images/decorative-yellow-circle.svg",
            "key": "/images/decorative-yellow-circle.svg",
            "kms_key_id": null,
            "metadata": {},
            "object_lock_legal_hold_status": "",
            "object_lock_mode": "",
            "object_lock_retain_until_date": "",
            "server_side_encryption": "",
            "source": "static-web/images/decorative-yellow-circle.svg",
            "source_hash": null,
            "storage_class": "STANDARD",
            "tags": {},
            "tags_all": {},
            "version_id": "",
            "website_redirect": ""
          },
          "sensitive_attributes": [],
          "private": "bnVsbA==",
          "dependencies": [
            "aws_s3_bucket.static"
          ]
        },
        {
          "index_key": "static-web/images/description-1-app.png",
          "schema_version": 0,
          "attributes": {
            "acl": "private",
            "bucket": "line-chatbot-static",
            "bucket_key_enabled": false,
            "cache_control": "",
            "content": null,
            "content_base64": null,
            "content_disposition": "",
            "content_encoding": "",
            "content_language": "",
            "content_type": "image/png",
            "etag": "fe99e0bdc72e44344861ccfb6c08e40b",
            "force_destroy": false,
            "id": "/images/description-1-app.png",
            "key": "/images/description-1-app.png",
            "kms_key_id": null,
            "metadata": {},
            "object_lock_legal_hold_status": "",
            "object_lock_mode": "",
            "object_lock_retain_until_date": "",
            "server_side_encryption": "",
            "source": "static-web/images/description-1-app.png",
            "source_hash": null,
            "storage_class": "STANDARD",
            "tags": {},
            "tags_all": {},
            "version_id": "",
            "website_redirect": ""
          },
          "sensitive_attributes": [],
          "private": "bnVsbA==",
          "dependencies": [
            "aws_s3_bucket.static"
          ]
        },
        {
          "index_key": "static-web/images/description-1-details-lightbox.jpg",
          "schema_version": 0,
          "attributes": {
            "acl": "private",
            "bucket": "line-chatbot-static",
            "bucket_key_enabled": false,
            "cache_control": "",
            "content": null,
            "content_base64": null,
            "content_disposition": "",
            "content_encoding": "",
            "content_language": "",
            "content_type": "image/jpeg",
            "etag": "a0279bdc80a04a82f39b3924154f2899",
            "force_destroy": false,
            "id": "/images/description-1-details-lightbox.jpg",
            "key": "/images/description-1-details-lightbox.jpg",
            "kms_key_id": null,
            "metadata": {},
            "object_lock_legal_hold_status": "",
            "object_lock_mode": "",
            "object_lock_retain_until_date": "",
            "server_side_encryption": "",
            "source": "static-web/images/description-1-details-lightbox.jpg",
            "source_hash": null,
            "storage_class": "STANDARD",
            "tags": {},
            "tags_all": {},
            "version_id": "",
            "website_redirect": ""
          },
          "sensitive_attributes": [],
          "private": "bnVsbA==",
          "dependencies": [
            "aws_s3_bucket.static"
          ]
        },
        {
          "index_key": "static-web/images/description-2-app.png",
          "schema_version": 0,
          "attributes": {
            "acl": "private",
            "bucket": "line-chatbot-static",
            "bucket_key_enabled": false,
            "cache_control": "",
            "content": null,
            "content_base64": null,
            "content_disposition": "",
            "content_encoding": "",
            "content_language": "",
            "content_type": "image/png",
            "etag": "6ed7b1169e4e5bcd47aff486e7193879",
            "force_destroy": false,
            "id": "/images/description-2-app.png",
            "key": "/images/description-2-app.png",
            "kms_key_id": null,
            "metadata": {},
            "object_lock_legal_hold_status": "",
            "object_lock_mode": "",
            "object_lock_retain_until_date": "",
            "server_side_encryption": "",
            "source": "static-web/images/description-2-app.png",
            "source_hash": null,
            "storage_class": "STANDARD",
            "tags": {},
            "tags_all": {},
            "version_id": "",
            "website_redirect": ""
          },
          "sensitive_attributes": [],
          "private": "bnVsbA==",
          "dependencies": [
            "aws_s3_bucket.static"
          ]
        },
        {
          "index_key": "static-web/images/down-arrow.png",
          "schema_version": 0,
          "attributes": {
            "acl": "private",
            "bucket": "line-chatbot-static",
            "bucket_key_enabled": false,
            "cache_control": "",
            "content": null,
            "content_base64": null,
            "content_disposition": "",
            "content_encoding": "",
            "content_language": "",
            "content_type": "image/png",
            "etag": "2b2a23465c53005b22a196366379e4fd",
            "force_destroy": false,
            "id": "/images/down-arrow.png",
            "key": "/images/down-arrow.png",
            "kms_key_id": null,
            "metadata": {},
            "object_lock_legal_hold_status": "",
            "object_lock_mode": "",
            "object_lock_retain_until_date": "",
            "server_side_encryption": "",
            "source": "static-web/images/down-arrow.png",
            "source_hash": null,
            "storage_class": "STANDARD",
            "tags": {},
            "tags_all": {},
            "version_id": "",
            "website_redirect": ""
          },
          "sensitive_attributes": [],
          "private": "bnVsbA==",
          "dependencies": [
            "aws_s3_bucket.static"
          ]
        },
        {
          "index_key": "static-web/images/download-iphone.png",
          "schema_version": 0,
          "attributes": {
            "acl": "private",
            "bucket": "line-chatbot-static",
            "bucket_key_enabled": false,
            "cache_control": "",
            "content": null,
            "content_base64": null,
            "content_disposition": "",
            "content_encoding": "",
            "content_language": "",
            "content_type": "image/png",
            "etag": "e4b1b9b76cb7b5f1afd70bbf6f0beb4a",
            "force_destroy": false,
            "id": "/images/download-iphone.png",
            "key": "/images/download-iphone.png",
            "kms_key_id": null,
            "metadata": {},
            "object_lock_legal_hold_status": "",
            "object_lock_mode": "",
            "object_lock_retain_until_date": "",
            "server_side_encryption": "",
            "source": "static-web/images/download-iphone.png",
            "source_hash": null,
            "storage_class": "STANDARD",
            "tags": {},
            "tags_all": {},
            "version_id": "",
            "website_redirect": ""
          },
          "sensitive_attributes": [],
          "private": "bnVsbA==",
          "dependencies": [
            "aws_s3_bucket.static"
          ]
        },
        {
          "index_key": "static-web/images/favicon.png",
          "schema_version": 0,
          "attributes": {
            "acl": "private",
            "bucket": "line-chatbot-static",
            "bucket_key_enabled": false,
            "cache_control": "",
            "content": null,
            "content_base64": null,
            "content_disposition": "",
            "content_encoding": "",
            "content_language": "",
            "content_type": "image/png",
            "etag": "1bd511222ad00f8970d00afdcf215f9b",
            "force_destroy": false,
            "id": "/images/favicon.png",
            "key": "/images/favicon.png",
            "kms_key_id": null,
            "metadata": {},
            "object_lock_legal_hold_status": "",
            "object_lock_mode": "",
            "object_lock_retain_until_date": "",
            "server_side_encryption": "",
            "source": "static-web/images/favicon.png",
            "source_hash": null,
            "storage_class": "STANDARD",
            "tags": {},
            "tags_all": {},
            "version_id": "",
            "website_redirect": ""
          },
          "sensitive_attributes": [],
          "private": "bnVsbA==",
          "dependencies": [
            "aws_s3_bucket.static"
          ]
        },
        {
          "index_key": "static-web/images/features-app.jpg",
          "schema_version": 0,
          "attributes": {
            "acl": "private",
            "bucket": "line-chatbot-static",
            "bucket_key_enabled": false,
            "cache_control": "",
            "content": null,
            "content_base64": null,
            "content_disposition": "",
            "content_encoding": "",
            "content_language": "",
            "content_type": "image/jpeg",
            "etag": "274df2fe85525d675abf6575ea49bcf0",
            "force_destroy": false,
            "id": "/images/features-app.jpg",
            "key": "/images/features-app.jpg",
            "kms_key_id": null,
            "metadata": {},
            "object_lock_legal_hold_status": "",
            "object_lock_mode": "",
            "object_lock_retain_until_date": "",
            "server_side_encryption": "",
            "source": "static-web/images/features-app.jpg",
            "source_hash": null,
            "storage_class": "STANDARD",
            "tags": {},
            "tags_all": {},
            "version_id": "",
            "website_redirect": ""
          },
          "sensitive_attributes": [],
          "private": "bnVsbA==",
          "dependencies": [
            "aws_s3_bucket.static"
          ]
        },
        {
          "index_key": "static-web/images/header-iphone.png",
          "schema_version": 0,
          "attributes": {
            "acl": "private",
            "bucket": "line-chatbot-static",
            "bucket_key_enabled": false,
            "cache_control": "",
            "content": null,
            "content_base64": null,
            "content_disposition": "",
            "content_encoding": "",
            "content_language": "",
            "content_type": "image/png",
            "etag": "54a6db44c6ae6067dd3d7b8fb6b537e7",
            "force_destroy": false,
            "id": "/images/header-iphone.png",
            "key": "/images/header-iphone.png",
            "kms_key_id": null,
            "metadata": {},
            "object_lock_legal_hold_status": "",
            "object_lock_mode": "",
            "object_lock_retain_until_date": "",
            "server_side_encryption": "",
            "source": "static-web/images/header-iphone.png",
            "source_hash": null,
            "storage_class": "STANDARD",
            "tags": {},
            "tags_all": {},
            "version_id": "",
            "website_redirect": ""
          },
          "sensitive_attributes": [],
          "private": "bnVsbA==",
          "dependencies": [
            "aws_s3_bucket.static"
          ]
        },
        {
          "index_key": "static-web/images/logo.svg",
          "schema_version": 0,
          "attributes": {
            "acl": "private",
            "bucket": "line-chatbot-static",
            "bucket_key_enabled": false,
            "cache_control": "",
            "content": null,
            "content_base64": null,
            "content_disposition": "",
            "content_encoding": "",
            "content_language": "",
            "content_type": "image/svg+xml",
            "etag": "c408ea55d8f2ea803d670924c168ee6f",
            "force_destroy": false,
            "id": "/images/logo.svg",
            "key": "/images/logo.svg",
            "kms_key_id": null,
            "metadata": {},
            "object_lock_legal_hold_status": "",
            "object_lock_mode": "",
            "object_lock_retain_until_date": "",
            "server_side_encryption": "",
            "source": "static-web/images/logo.svg",
            "source_hash": null,
            "storage_class": "STANDARD",
            "tags": {},
            "tags_all": {},
            "version_id": "",
            "website_redirect": ""
          },
          "sensitive_attributes": [],
          "private": "bnVsbA==",
          "dependencies": [
            "aws_s3_bucket.static"
          ]
        },
        {
          "index_key": "static-web/images/screenshot-1.jpg",
          "schema_version": 0,
          "attributes": {
            "acl": "private",
            "bucket": "line-chatbot-static",
            "bucket_key_enabled": false,
            "cache_control": "",
            "content": null,
            "content_base64": null,
            "content_disposition": "",
            "content_encoding": "",
            "content_language": "",
            "content_type": "image/jpeg",
            "etag": "4d13278e0e5b4b395434f0a0f787fc42",
            "force_destroy": false,
            "id": "/images/screenshot-1.jpg",
            "key": "/images/screenshot-1.jpg",
            "kms_key_id": null,
            "metadata": {},
            "object_lock_legal_hold_status": "",
            "object_lock_mode": "",
            "object_lock_retain_until_date": "",
            "server_side_encryption": "",
            "source": "static-web/images/screenshot-1.jpg",
            "source_hash": null,
            "storage_class": "STANDARD",
            "tags": {},
            "tags_all": {},
            "version_id": "",
            "website_redirect": ""
          },
          "sensitive_attributes": [],
          "private": "bnVsbA==",
          "dependencies": [
            "aws_s3_bucket.static"
          ]
        },
        {
          "index_key": "static-web/images/screenshot-10.jpg",
          "schema_version": 0,
          "attributes": {
            "acl": "private",
            "bucket": "line-chatbot-static",
            "bucket_key_enabled": false,
            "cache_control": "",
            "content": null,
            "content_base64": null,
            "content_disposition": "",
            "content_encoding": "",
            "content_language": "",
            "content_type": "image/jpeg",
            "etag": "52150f5686231ac7ad9a8870ae3f2e5f",
            "force_destroy": false,
            "id": "/images/screenshot-10.jpg",
            "key": "/images/screenshot-10.jpg",
            "kms_key_id": null,
            "metadata": {},
            "object_lock_legal_hold_status": "",
            "object_lock_mode": "",
            "object_lock_retain_until_date": "",
            "server_side_encryption": "",
            "source": "static-web/images/screenshot-10.jpg",
            "source_hash": null,
            "storage_class": "STANDARD",
            "tags": {},
            "tags_all": {},
            "version_id": "",
            "website_redirect": ""
          },
          "sensitive_attributes": [],
          "private": "bnVsbA==",
          "dependencies": [
            "aws_s3_bucket.static"
          ]
        },
        {
          "index_key": "static-web/images/screenshot-2.jpg",
          "schema_version": 0,
          "attributes": {
            "acl": "private",
            "bucket": "line-chatbot-static",
            "bucket_key_enabled": false,
            "cache_control": "",
            "content": null,
            "content_base64": null,
            "content_disposition": "",
            "content_encoding": "",
            "content_language": "",
            "content_type": "image/jpeg",
            "etag": "20d6dd8c4d0e883cbc7792829ae49318",
            "force_destroy": false,
            "id": "/images/screenshot-2.jpg",
            "key": "/images/screenshot-2.jpg",
            "kms_key_id": null,
            "metadata": {},
            "object_lock_legal_hold_status": "",
            "object_lock_mode": "",
            "object_lock_retain_until_date": "",
            "server_side_encryption": "",
            "source": "static-web/images/screenshot-2.jpg",
            "source_hash": null,
            "storage_class": "STANDARD",
            "tags": {},
            "tags_all": {},
            "version_id": "",
            "website_redirect": ""
          },
          "sensitive_attributes": [],
          "private": "bnVsbA==",
          "dependencies": [
            "aws_s3_bucket.static"
          ]
        },
        {
          "index_key": "static-web/images/screenshot-3.jpg",
          "schema_version": 0,
          "attributes": {
            "acl": "private",
            "bucket": "line-chatbot-static",
            "bucket_key_enabled": false,
            "cache_control": "",
            "content": null,
            "content_base64": null,
            "content_disposition": "",
            "content_encoding": "",
            "content_language": "",
            "content_type": "image/jpeg",
            "etag": "7677a88ec26f1be3778e15ecf99c0c1f",
            "force_destroy": false,
            "id": "/images/screenshot-3.jpg",
            "key": "/images/screenshot-3.jpg",
            "kms_key_id": null,
            "metadata": {},
            "object_lock_legal_hold_status": "",
            "object_lock_mode": "",
            "object_lock_retain_until_date": "",
            "server_side_encryption": "",
            "source": "static-web/images/screenshot-3.jpg",
            "source_hash": null,
            "storage_class": "STANDARD",
            "tags": {},
            "tags_all": {},
            "version_id": "",
            "website_redirect": ""
          },
          "sensitive_attributes": [],
          "private": "bnVsbA==",
          "dependencies": [
            "aws_s3_bucket.static"
          ]
        },
        {
          "index_key": "static-web/images/screenshot-4.jpg",
          "schema_version": 0,
          "attributes": {
            "acl": "private",
            "bucket": "line-chatbot-static",
            "bucket_key_enabled": false,
            "cache_control": "",
            "content": null,
            "content_base64": null,
            "content_disposition": "",
            "content_encoding": "",
            "content_language": "",
            "content_type": "image/jpeg",
            "etag": "926270d7e12560c9b9bdc5cb81ca7ec7",
            "force_destroy": false,
            "id": "/images/screenshot-4.jpg",
            "key": "/images/screenshot-4.jpg",
            "kms_key_id": null,
            "metadata": {},
            "object_lock_legal_hold_status": "",
            "object_lock_mode": "",
            "object_lock_retain_until_date": "",
            "server_side_encryption": "",
            "source": "static-web/images/screenshot-4.jpg",
            "source_hash": null,
            "storage_class": "STANDARD",
            "tags": {},
            "tags_all": {},
            "version_id": "",
            "website_redirect": ""
          },
          "sensitive_attributes": [],
          "private": "bnVsbA==",
          "dependencies": [
            "aws_s3_bucket.static"
          ]
        },
        {
          "index_key": "static-web/images/screenshot-5.jpg",
          "schema_version": 0,
          "attributes": {
            "acl": "private",
            "bucket": "line-chatbot-static",
            "bucket_key_enabled": false,
            "cache_control": "",
            "content": null,
            "content_base64": null,
            "content_disposition": "",
            "content_encoding": "",
            "content_language": "",
            "content_type": "image/jpeg",
            "etag": "9366733c2407c0e137b7e443d67ef9d9",
            "force_destroy": false,
            "id": "/images/screenshot-5.jpg",
            "key": "/images/screenshot-5.jpg",
            "kms_key_id": null,
            "metadata": {},
            "object_lock_legal_hold_status": "",
            "object_lock_mode": "",
            "object_lock_retain_until_date": "",
            "server_side_encryption": "",
            "source": "static-web/images/screenshot-5.jpg",
            "source_hash": null,
            "storage_class": "STANDARD",
            "tags": {},
            "tags_all": {},
            "version_id": "",
            "website_redirect": ""
          },
          "sensitive_attributes": [],
          "private": "bnVsbA==",
          "dependencies": [
            "aws_s3_bucket.static"
          ]
        },
        {
          "index_key": "static-web/images/screenshot-6.jpg",
          "schema_version": 0,
          "attributes": {
            "acl": "private",
            "bucket": "line-chatbot-static",
            "bucket_key_enabled": false,
            "cache_control": "",
            "content": null,
            "content_base64": null,
            "content_disposition": "",
            "content_encoding": "",
            "content_language": "",
            "content_type": "image/jpeg",
            "etag": "e3cc478e83bc66285ba5796314ebf7ba",
            "force_destroy": false,
            "id": "/images/screenshot-6.jpg",
            "key": "/images/screenshot-6.jpg",
            "kms_key_id": null,
            "metadata": {},
            "object_lock_legal_hold_status": "",
            "object_lock_mode": "",
            "object_lock_retain_until_date": "",
            "server_side_encryption": "",
            "source": "static-web/images/screenshot-6.jpg",
            "source_hash": null,
            "storage_class": "STANDARD",
            "tags": {},
            "tags_all": {},
            "version_id": "",
            "website_redirect": ""
          },
          "sensitive_attributes": [],
          "private": "bnVsbA==",
          "dependencies": [
            "aws_s3_bucket.static"
          ]
        },
        {
          "index_key": "static-web/images/screenshot-7.jpg",
          "schema_version": 0,
          "attributes": {
            "acl": "private",
            "bucket": "line-chatbot-static",
            "bucket_key_enabled": false,
            "cache_control": "",
            "content": null,
            "content_base64": null,
            "content_disposition": "",
            "content_encoding": "",
            "content_language": "",
            "content_type": "image/jpeg",
            "etag": "5922e302e49e48d84bf290d69981ab7c",
            "force_destroy": false,
            "id": "/images/screenshot-7.jpg",
            "key": "/images/screenshot-7.jpg",
            "kms_key_id": null,
            "metadata": {},
            "object_lock_legal_hold_status": "",
            "object_lock_mode": "",
            "object_lock_retain_until_date": "",
            "server_side_encryption": "",
            "source": "static-web/images/screenshot-7.jpg",
            "source_hash": null,
            "storage_class": "STANDARD",
            "tags": {},
            "tags_all": {},
            "version_id": "",
            "website_redirect": ""
          },
          "sensitive_attributes": [],
          "private": "bnVsbA==",
          "dependencies": [
            "aws_s3_bucket.static"
          ]
        },
        {
          "index_key": "static-web/images/screenshot-8.jpg",
          "schema_version": 0,
          "attributes": {
            "acl": "private",
            "bucket": "line-chatbot-static",
            "bucket_key_enabled": false,
            "cache_control": "",
            "content": null,
            "content_base64": null,
            "content_disposition": "",
            "content_encoding": "",
            "content_language": "",
            "content_type": "image/jpeg",
            "etag": "539963131268428cd2f4e5f0af3297b7",
            "force_destroy": false,
            "id": "/images/screenshot-8.jpg",
            "key": "/images/screenshot-8.jpg",
            "kms_key_id": null,
            "metadata": {},
            "object_lock_legal_hold_status": "",
            "object_lock_mode": "",
            "object_lock_retain_until_date": "",
            "server_side_encryption": "",
            "source": "static-web/images/screenshot-8.jpg",
            "source_hash": null,
            "storage_class": "STANDARD",
            "tags": {},
            "tags_all": {},
            "version_id": "",
            "website_redirect": ""
          },
          "sensitive_attributes": [],
          "private": "bnVsbA==",
          "dependencies": [
            "aws_s3_bucket.static"
          ]
        },
        {
          "index_key": "static-web/images/screenshot-9.jpg",
          "schema_version": 0,
          "attributes": {
            "acl": "private",
            "bucket": "line-chatbot-static",
            "bucket_key_enabled": false,
            "cache_control": "",
            "content": null,
            "content_base64": null,
            "content_disposition": "",
            "content_encoding": "",
            "content_language": "",
            "content_type": "image/jpeg",
            "etag": "16dc93239cab119904f2652d893e86c9",
            "force_destroy": false,
            "id": "/images/screenshot-9.jpg",
            "key": "/images/screenshot-9.jpg",
            "kms_key_id": null,
            "metadata": {},
            "object_lock_legal_hold_status": "",
            "object_lock_mode": "",
            "object_lock_retain_until_date": "",
            "server_side_encryption": "",
            "source": "static-web/images/screenshot-9.jpg",
            "source_hash": null,
            "storage_class": "STANDARD",
            "tags": {},
            "tags_all": {},
            "version_id": "",
            "website_redirect": ""
          },
          "sensitive_attributes": [],
          "private": "bnVsbA==",
          "dependencies": [
            "aws_s3_bucket.static"
          ]
        },
        {
          "index_key": "static-web/images/up-arrow.png",
          "schema_version": 0,
          "attributes": {
            "acl": "private",
            "bucket": "line-chatbot-static",
            "bucket_key_enabled": false,
            "cache_control": "",
            "content": null,
            "content_base64": null,
            "content_disposition": "",
            "content_encoding": "",
            "content_language": "",
            "content_type": "image/png",
            "etag": "573f8e6285c1dca013bc6cf8ebf196be",
            "force_destroy": false,
            "id": "/images/up-arrow.png",
            "key": "/images/up-arrow.png",
            "kms_key_id": null,
            "metadata": {},
            "object_lock_legal_hold_status": "",
            "object_lock_mode": "",
            "object_lock_retain_until_date": "",
            "server_side_encryption": "",
            "source": "static-web/images/up-arrow.png",
            "source_hash": null,
            "storage_class": "STANDARD",
            "tags": {},
            "tags_all": {},
            "version_id": "",
            "website_redirect": ""
          },
          "sensitive_attributes": [],
          "private": "bnVsbA==",
          "dependencies": [
            "aws_s3_bucket.static"
          ]
        },
        {
          "index_key": "static-web/index.html",
          "schema_version": 0,
          "attributes": {
            "acl": "private",
            "bucket": "line-chatbot-static",
            "bucket_key_enabled": false,
            "cache_control": "",
            "content": null,
            "content_base64": null,
            "content_disposition": "",
            "content_encoding": "",
            "content_language": "",
            "content_type": "text/html",
            "etag": "411010264cb3ece667c4562adb104560",
            "force_destroy": false,
            "id": "/index.html",
            "key": "/index.html",
            "kms_key_id": null,
            "metadata": {},
            "object_lock_legal_hold_status": "",
            "object_lock_mode": "",
            "object_lock_retain_until_date": "",
            "server_side_encryption": "",
            "source": "static-web/index.html",
            "source_hash": null,
            "storage_class": "STANDARD",
            "tags": {},
            "tags_all": {},
            "version_id": "",
            "website_redirect": ""
          },
          "sensitive_attributes": [],
          "private": "bnVsbA==",
          "dependencies": [
            "aws_s3_bucket.static"
          ]
        },
        {
          "index_key": "static-web/js/bootstrap.min.js",
          "schema_version": 0,
          "attributes": {
            "acl": "private",
            "bucket": "line-chatbot-static",
            "bucket_key_enabled": false,
            "cache_control": "",
            "content": null,
            "content_base64": null,
            "content_disposition": "",
            "content_encoding": "",
            "content_language": "",
            "content_type": "application/javascript",
            "etag": "e1d98d47689e00f8ecbc5d9f61bdb42e",
            "force_destroy": false,
            "id": "/js/bootstrap.min.js",
            "key": "/js/bootstrap.min.js",
            "kms_key_id": null,
            "metadata": {},
            "object_lock_legal_hold_status": "",
            "object_lock_mode": "",
            "object_lock_retain_until_date": "",
            "server_side_encryption": "",
            "source": "static-web/js/bootstrap.min.js",
            "source_hash": null,
            "storage_class": "STANDARD",
            "tags": {},
            "tags_all": {},
            "version_id": "",
            "website_redirect": ""
          },
          "sensitive_attributes": [],
          "private": "bnVsbA==",
          "dependencies": [
            "aws_s3_bucket.static"
          ]
        },
        {
          "index_key": "static-web/js/jquery.easing.min.js",
          "schema_version": 0,
          "attributes": {
            "acl": "private",
            "bucket": "line-chatbot-static",
            "bucket_key_enabled": false,
            "cache_control": "",
            "content": null,
            "content_base64": null,
            "content_disposition": "",
            "content_encoding": "",
            "content_language": "",
            "content_type": "application/javascript",
            "etag": "b62c744f5635480a0eabd225a04b7452",
            "force_destroy": false,
            "id": "/js/jquery.easing.min.js",
            "key": "/js/jquery.easing.min.js",
            "kms_key_id": null,
            "metadata": {},
            "object_lock_legal_hold_status": "",
            "object_lock_mode": "",
            "object_lock_retain_until_date": "",
            "server_side_encryption": "",
            "source": "static-web/js/jquery.easing.min.js",
            "source_hash": null,
            "storage_class": "STANDARD",
            "tags": {},
            "tags_all": {},
            "version_id": "",
            "website_redirect": ""
          },
          "sensitive_attributes": [],
          "private": "bnVsbA==",
          "dependencies": [
            "aws_s3_bucket.static"
          ]
        },
        {
          "index_key": "static-web/js/jquery.magnific-popup.js",
          "schema_version": 0,
          "attributes": {
            "acl": "private",
            "bucket": "line-chatbot-static",
            "bucket_key_enabled": false,
            "cache_control": "",
            "content": null,
            "content_base64": null,
            "content_disposition": "",
            "content_encoding": "",
            "content_language": "",
            "content_type": "application/javascript",
            "etag": "7790b276800430f76800dcf5c23975f2",
            "force_destroy": false,
            "id": "/js/jquery.magnific-popup.js",
            "key": "/js/jquery.magnific-popup.js",
            "kms_key_id": null,
            "metadata": {},
            "object_lock_legal_hold_status": "",
            "object_lock_mode": "",
            "object_lock_retain_until_date": "",
            "server_side_encryption": "",
            "source": "static-web/js/jquery.magnific-popup.js",
            "source_hash": null,
            "storage_class": "STANDARD",
            "tags": {},
            "tags_all": {},
            "version_id": "",
            "website_redirect": ""
          },
          "sensitive_attributes": [],
          "private": "bnVsbA==",
          "dependencies": [
            "aws_s3_bucket.static"
          ]
        },
        {
          "index_key": "static-web/js/jquery.min.js",
          "schema_version": 0,
          "attributes": {
            "acl": "private",
            "bucket": "line-chatbot-static",
            "bucket_key_enabled": false,
            "cache_control": "",
            "content": null,
            "content_base64": null,
            "content_disposition": "",
            "content_encoding": "",
            "content_language": "",
            "content_type": "application/javascript",
            "etag": "a09e13ee94d51c524b7e2a728c7d4039",
            "force_destroy": false,
            "id": "/js/jquery.min.js",
            "key": "/js/jquery.min.js",
            "kms_key_id": null,
            "metadata": {},
            "object_lock_legal_hold_status": "",
            "object_lock_mode": "",
            "object_lock_retain_until_date": "",
            "server_side_encryption": "",
            "source": "static-web/js/jquery.min.js",
            "source_hash": null,
            "storage_class": "STANDARD",
            "tags": {},
            "tags_all": {},
            "version_id": "",
            "website_redirect": ""
          },
          "sensitive_attributes": [],
          "private": "bnVsbA==",
          "dependencies": [
            "aws_s3_bucket.static"
          ]
        },
        {
          "index_key": "static-web/js/popper.min.js",
          "schema_version": 0,
          "attributes": {
            "acl": "private",
            "bucket": "line-chatbot-static",
            "bucket_key_enabled": false,
            "cache_control": "",
            "content": null,
            "content_base64": null,
            "content_disposition": "",
            "content_encoding": "",
            "content_language": "",
            "content_type": "application/javascript",
            "etag": "36affe2ca6cb85233ee7362c5d8b7893",
            "force_destroy": false,
            "id": "/js/popper.min.js",
            "key": "/js/popper.min.js",
            "kms_key_id": null,
            "metadata": {},
            "object_lock_legal_hold_status": "",
            "object_lock_mode": "",
            "object_lock_retain_until_date": "",
            "server_side_encryption": "",
            "source": "static-web/js/popper.min.js",
            "source_hash": null,
            "storage_class": "STANDARD",
            "tags": {},
            "tags_all": {},
            "version_id": "",
            "website_redirect": ""
          },
          "sensitive_attributes": [],
          "private": "bnVsbA==",
          "dependencies": [
            "aws_s3_bucket.static"
          ]
        },
        {
          "index_key": "static-web/js/scripts.js",
          "schema_version": 0,
          "attributes": {
            "acl": "private",
            "bucket": "line-chatbot-static",
            "bucket_key_enabled": false,
            "cache_control": "",
            "content": null,
            "content_base64": null,
            "content_disposition": "",
            "content_encoding": "",
            "content_language": "",
            "content_type": "application/javascript",
            "etag": "c4666de8753197a114f7ffe2f661a10d",
            "force_destroy": false,
            "id": "/js/scripts.js",
            "key": "/js/scripts.js",
            "kms_key_id": null,
            "metadata": {},
            "object_lock_legal_hold_status": "",
            "object_lock_mode": "",
            "object_lock_retain_until_date": "",
            "server_side_encryption": "",
            "source": "static-web/js/scripts.js",
            "source_hash": null,
            "storage_class": "STANDARD",
            "tags": {},
            "tags_all": {},
            "version_id": "",
            "website_redirect": ""
          },
          "sensitive_attributes": [],
          "private": "bnVsbA==",
          "dependencies": [
            "aws_s3_bucket.static"
          ]
        },
        {
          "index_key": "static-web/js/swiper.min.js",
          "schema_version": 0,
          "attributes": {
            "acl": "private",
            "bucket": "line-chatbot-static",
            "bucket_key_enabled": false,
            "cache_control": "",
            "content": null,
            "content_base64": null,
            "content_disposition": "",
            "content_encoding": "",
            "content_language": "",
            "content_type": "application/javascript",
            "etag": "74571ff9ea0f905f582197d9e94ab140",
            "force_destroy": false,
            "id": "/js/swiper.min.js",
            "key": "/js/swiper.min.js",
            "kms_key_id": null,
            "metadata": {},
            "object_lock_legal_hold_status": "",
            "object_lock_mode": "",
            "object_lock_retain_until_date": "",
            "server_side_encryption": "",
            "source": "static-web/js/swiper.min.js",
            "source_hash": null,
            "storage_class": "STANDARD",
            "tags": {},
            "tags_all": {},
            "version_id": "",
            "website_redirect": ""
          },
          "sensitive_attributes": [],
          "private": "bnVsbA==",
          "dependencies": [
            "aws_s3_bucket.static"
          ]
        },
        {
          "index_key": "static-web/js/validator.min.js",
          "schema_version": 0,
          "attributes": {
            "acl": "private",
            "bucket": "line-chatbot-static",
            "bucket_key_enabled": false,
            "cache_control": "",
            "content": null,
            "content_base64": null,
            "content_disposition": "",
            "content_encoding": "",
            "content_language": "",
            "content_type": "application/javascript",
            "etag": "06b115e7b21a5c38565a728c6208ffc3",
            "force_destroy": false,
            "id": "/js/validator.min.js",
            "key": "/js/validator.min.js",
            "kms_key_id": null,
            "metadata": {},
            "object_lock_legal_hold_status": "",
            "object_lock_mode": "",
            "object_lock_retain_until_date": "",
            "server_side_encryption": "",
            "source": "static-web/js/validator.min.js",
            "source_hash": null,
            "storage_class": "STANDARD",
            "tags": {},
            "tags_all": {},
            "version_id": "",
            "website_redirect": ""
          },
          "sensitive_attributes": [],
          "private": "bnVsbA==",
          "dependencies": [
            "aws_s3_bucket.static"
          ]
        },
        {
          "index_key": "static-web/privacy-policy.html",
          "schema_version": 0,
          "attributes": {
            "acl": "private",
            "bucket": "line-chatbot-static",
            "bucket_key_enabled": false,
            "cache_control": "",
            "content": null,
            "content_base64": null,
            "content_disposition": "",
            "content_encoding": "",
            "content_language": "",
            "content_type": "text/html",
            "etag": "1a5aff25d5285873adfd121569a20352",
            "force_destroy": false,
            "id": "/privacy-policy.html",
            "key": "/privacy-policy.html",
            "kms_key_id": null,
            "metadata": {},
            "object_lock_legal_hold_status": "",
            "object_lock_mode": "",
            "object_lock_retain_until_date": "",
            "server_side_encryption": "",
            "source": "static-web/privacy-policy.html",
            "source_hash": null,
            "storage_class": "STANDARD",
            "tags": {},
            "tags_all": {},
            "version_id": "",
            "website_redirect": ""
          },
          "sensitive_attributes": [],
          "private": "bnVsbA==",
          "dependencies": [
            "aws_s3_bucket.static"
          ]
        },
        {
          "index_key": "static-web/terms-conditions.html",
          "schema_version": 0,
          "attributes": {
            "acl": "private",
            "bucket": "line-chatbot-static",
            "bucket_key_enabled": false,
            "cache_control": "",
            "content": null,
            "content_base64": null,
            "content_disposition": "",
            "content_encoding": "",
            "content_language": "",
            "content_type": "text/html",
            "etag": "8427c57b634ff5f9ac7cf933301ca700",
            "force_destroy": false,
            "id": "/terms-conditions.html",
            "key": "/terms-conditions.html",
            "kms_key_id": null,
            "metadata": {},
            "object_lock_legal_hold_status": "",
            "object_lock_mode": "",
            "object_lock_retain_until_date": "",
            "server_side_encryption": "",
            "source": "static-web/terms-conditions.html",
            "source_hash": null,
            "storage_class": "STANDARD",
            "tags": {},
            "tags_all": {},
            "version_id": "",
            "website_redirect": ""
          },
          "sensitive_attributes": [],
          "private": "bnVsbA==",
          "dependencies": [
            "aws_s3_bucket.static"
          ]
        },
        {
          "index_key": "static-web/webfonts/fa-brands-400.eot",
          "schema_version": 0,
          "attributes": {
            "acl": "private",
            "bucket": "line-chatbot-static",
            "bucket_key_enabled": false,
            "cache_control": "",
            "content": null,
            "content_base64": null,
            "content_disposition": "",
            "content_encoding": "",
            "content_language": "",
            "content_type": "application/vnd.ms-fontobject",
            "etag": "3165b14bbf3b64fca65829ecde6b800d",
            "force_destroy": false,
            "id": "/webfonts/fa-brands-400.eot",
            "key": "/webfonts/fa-brands-400.eot",
            "kms_key_id": null,
            "metadata": {},
            "object_lock_legal_hold_status": "",
            "object_lock_mode": "",
            "object_lock_retain_until_date": "",
            "server_side_encryption": "",
            "source": "static-web/webfonts/fa-brands-400.eot",
            "source_hash": null,
            "storage_class": "STANDARD",
            "tags": {},
            "tags_all": {},
            "version_id": "",
            "website_redirect": ""
          },
          "sensitive_attributes": [],
          "private": "bnVsbA==",
          "dependencies": [
            "aws_s3_bucket.static"
          ]
        },
        {
          "index_key": "static-web/webfonts/fa-brands-400.svg",
          "schema_version": 0,
          "attributes": {
            "acl": "private",
            "bucket": "line-chatbot-static",
            "bucket_key_enabled": false,
            "cache_control": "",
            "content": null,
            "content_base64": null,
            "content_disposition": "",
            "content_encoding": "",
            "content_language": "",
            "content_type": "image/svg+xml",
            "etag": "f249e44df3044e7b0d665b550569ddf0",
            "force_destroy": false,
            "id": "/webfonts/fa-brands-400.svg",
            "key": "/webfonts/fa-brands-400.svg",
            "kms_key_id": null,
            "metadata": {},
            "object_lock_legal_hold_status": "",
            "object_lock_mode": "",
            "object_lock_retain_until_date": "",
            "server_side_encryption": "",
            "source": "static-web/webfonts/fa-brands-400.svg",
            "source_hash": null,
            "storage_class": "STANDARD",
            "tags": {},
            "tags_all": {},
            "version_id": "",
            "website_redirect": ""
          },
          "sensitive_attributes": [],
          "private": "bnVsbA==",
          "dependencies": [
            "aws_s3_bucket.static"
          ]
        },
        {
          "index_key": "static-web/webfonts/fa-brands-400.ttf",
          "schema_version": 0,
          "attributes": {
            "acl": "private",
            "bucket": "line-chatbot-static",
            "bucket_key_enabled": false,
            "cache_control": "",
            "content": null,
            "content_base64": null,
            "content_disposition": "",
            "content_encoding": "",
            "content_language": "",
            "content_type": "font/ttf",
            "etag": "f2e186cfab4787d4ef6f1bb192aa9a1b",
            "force_destroy": false,
            "id": "/webfonts/fa-brands-400.ttf",
            "key": "/webfonts/fa-brands-400.ttf",
            "kms_key_id": null,
            "metadata": {},
            "object_lock_legal_hold_status": "",
            "object_lock_mode": "",
            "object_lock_retain_until_date": "",
            "server_side_encryption": "",
            "source": "static-web/webfonts/fa-brands-400.ttf",
            "source_hash": null,
            "storage_class": "STANDARD",
            "tags": {},
            "tags_all": {},
            "version_id": "",
            "website_redirect": ""
          },
          "sensitive_attributes": [],
          "private": "bnVsbA==",
          "dependencies": [
            "aws_s3_bucket.static"
          ]
        },
        {
          "index_key": "static-web/webfonts/fa-brands-400.woff",
          "schema_version": 0,
          "attributes": {
            "acl": "private",
            "bucket": "line-chatbot-static",
            "bucket_key_enabled": false,
            "cache_control": "",
            "content": null,
            "content_base64": null,
            "content_disposition": "",
            "content_encoding": "",
            "content_language": "",
            "content_type": "font/woff",
            "etag": "457cb96b6191ed105c4fe8463957f70d",
            "force_destroy": false,
            "id": "/webfonts/fa-brands-400.woff",
            "key": "/webfonts/fa-brands-400.woff",
            "kms_key_id": null,
            "metadata": {},
            "object_lock_legal_hold_status": "",
            "object_lock_mode": "",
            "object_lock_retain_until_date": "",
            "server_side_encryption": "",
            "source": "static-web/webfonts/fa-brands-400.woff",
            "source_hash": null,
            "storage_class": "STANDARD",
            "tags": {},
            "tags_all": {},
            "version_id": "",
            "website_redirect": ""
          },
          "sensitive_attributes": [],
          "private": "bnVsbA==",
          "dependencies": [
            "aws_s3_bucket.static"
          ]
        },
        {
          "index_key": "static-web/webfonts/fa-brands-400.woff2",
          "schema_version": 0,
          "attributes": {
            "acl": "private",
            "bucket": "line-chatbot-static",
            "bucket_key_enabled": false,
            "cache_control": "",
            "content": null,
            "content_base64": null,
            "content_disposition": "",
            "content_encoding": "",
            "content_language": "",
            "content_type": "font/woff2",
            "etag": "f861a57c52ef711cf807a3eec92c0e17",
            "force_destroy": false,
            "id": "/webfonts/fa-brands-400.woff2",
            "key": "/webfonts/fa-brands-400.woff2",
            "kms_key_id": null,
            "metadata": {},
            "object_lock_legal_hold_status": "",
            "object_lock_mode": "",
            "object_lock_retain_until_date": "",
            "server_side_encryption": "",
            "source": "static-web/webfonts/fa-brands-400.woff2",
            "source_hash": null,
            "storage_class": "STANDARD",
            "tags": {},
            "tags_all": {},
            "version_id": "",
            "website_redirect": ""
          },
          "sensitive_attributes": [],
          "private": "bnVsbA==",
          "dependencies": [
            "aws_s3_bucket.static"
          ]
        },
        {
          "index_key": "static-web/webfonts/fa-regular-400.eot",
          "schema_version": 0,
          "attributes": {
            "acl": "private",
            "bucket": "line-chatbot-static",
            "bucket_key_enabled": false,
            "cache_control": "",
            "content": null,
            "content_base64": null,
            "content_disposition": "",
            "content_encoding": "",
            "content_language": "",
            "content_type": "application/vnd.ms-fontobject",
            "etag": "a03df7ab0ffc96cabbfe3dc71c60baaa",
            "force_destroy": false,
            "id": "/webfonts/fa-regular-400.eot",
            "key": "/webfonts/fa-regular-400.eot",
            "kms_key_id": null,
            "metadata": {},
            "object_lock_legal_hold_status": "",
            "object_lock_mode": "",
            "object_lock_retain_until_date": "",
            "server_side_encryption": "",
            "source": "static-web/webfonts/fa-regular-400.eot",
            "source_hash": null,
            "storage_class": "STANDARD",
            "tags": {},
            "tags_all": {},
            "version_id": "",
            "website_redirect": ""
          },
          "sensitive_attributes": [],
          "private": "bnVsbA==",
          "dependencies": [
            "aws_s3_bucket.static"
          ]
        },
        {
          "index_key": "static-web/webfonts/fa-regular-400.svg",
          "schema_version": 0,
          "attributes": {
            "acl": "private",
            "bucket": "line-chatbot-static",
            "bucket_key_enabled": false,
            "cache_control": "",
            "content": null,
            "content_base64": null,
            "content_disposition": "",
            "content_encoding": "",
            "content_language": "",
            "content_type": "image/svg+xml",
            "etag": "2fad4ee0a47f41bc76e21c2baf613182",
            "force_destroy": false,
            "id": "/webfonts/fa-regular-400.svg",
            "key": "/webfonts/fa-regular-400.svg",
            "kms_key_id": null,
            "metadata": {},
            "object_lock_legal_hold_status": "",
            "object_lock_mode": "",
            "object_lock_retain_until_date": "",
            "server_side_encryption": "",
            "source": "static-web/webfonts/fa-regular-400.svg",
            "source_hash": null,
            "storage_class": "STANDARD",
            "tags": {},
            "tags_all": {},
            "version_id": "",
            "website_redirect": ""
          },
          "sensitive_attributes": [],
          "private": "bnVsbA==",
          "dependencies": [
            "aws_s3_bucket.static"
          ]
        },
        {
          "index_key": "static-web/webfonts/fa-regular-400.ttf",
          "schema_version": 0,
          "attributes": {
            "acl": "private",
            "bucket": "line-chatbot-static",
            "bucket_key_enabled": false,
            "cache_control": "",
            "content": null,
            "content_base64": null,
            "content_disposition": "",
            "content_encoding": "",
            "content_language": "",
            "content_type": "font/ttf",
            "etag": "2cd8d991e82712f1a5c5de8ee869ca74",
            "force_destroy": false,
            "id": "/webfonts/fa-regular-400.ttf",
            "key": "/webfonts/fa-regular-400.ttf",
            "kms_key_id": null,
            "metadata": {},
            "object_lock_legal_hold_status": "",
            "object_lock_mode": "",
            "object_lock_retain_until_date": "",
            "server_side_encryption": "",
            "source": "static-web/webfonts/fa-regular-400.ttf",
            "source_hash": null,
            "storage_class": "STANDARD",
            "tags": {},
            "tags_all": {},
            "version_id": "",
            "website_redirect": ""
          },
          "sensitive_attributes": [],
          "private": "bnVsbA==",
          "dependencies": [
            "aws_s3_bucket.static"
          ]
        },
        {
          "index_key": "static-web/webfonts/fa-regular-400.woff",
          "schema_version": 0,
          "attributes": {
            "acl": "private",
            "bucket": "line-chatbot-static",
            "bucket_key_enabled": false,
            "cache_control": "",
            "content": null,
            "content_base64": null,
            "content_disposition": "",
            "content_encoding": "",
            "content_language": "",
            "content_type": "font/woff",
            "etag": "7ab2cb050690f93994c46258d49af5b6",
            "force_destroy": false,
            "id": "/webfonts/fa-regular-400.woff",
            "key": "/webfonts/fa-regular-400.woff",
            "kms_key_id": null,
            "metadata": {},
            "object_lock_legal_hold_status": "",
            "object_lock_mode": "",
            "object_lock_retain_until_date": "",
            "server_side_encryption": "",
            "source": "static-web/webfonts/fa-regular-400.woff",
            "source_hash": null,
            "storage_class": "STANDARD",
            "tags": {},
            "tags_all": {},
            "version_id": "",
            "website_redirect": ""
          },
          "sensitive_attributes": [],
          "private": "bnVsbA==",
          "dependencies": [
            "aws_s3_bucket.static"
          ]
        },
        {
          "index_key": "static-web/webfonts/fa-regular-400.woff2",
          "schema_version": 0,
          "attributes": {
            "acl": "private",
            "bucket": "line-chatbot-static",
            "bucket_key_enabled": false,
            "cache_control": "",
            "content": null,
            "content_base64": null,
            "content_disposition": "",
            "content_encoding": "",
            "content_language": "",
            "content_type": "font/woff2",
            "etag": "bd52a727b5449dc3f8195b72c9c58341",
            "force_destroy": false,
            "id": "/webfonts/fa-regular-400.woff2",
            "key": "/webfonts/fa-regular-400.woff2",
            "kms_key_id": null,
            "metadata": {},
            "object_lock_legal_hold_status": "",
            "object_lock_mode": "",
            "object_lock_retain_until_date": "",
            "server_side_encryption": "",
            "source": "static-web/webfonts/fa-regular-400.woff2",
            "source_hash": null,
            "storage_class": "STANDARD",
            "tags": {},
            "tags_all": {},
            "version_id": "",
            "website_redirect": ""
          },
          "sensitive_attributes": [],
          "private": "bnVsbA==",
          "dependencies": [
            "aws_s3_bucket.static"
          ]
        },
        {
          "index_key": "static-web/webfonts/fa-solid-900.eot",
          "schema_version": 0,
          "attributes": {
            "acl": "private",
            "bucket": "line-chatbot-static",
            "bucket_key_enabled": false,
            "cache_control": "",
            "content": null,
            "content_base64": null,
            "content_disposition": "",
            "content_encoding": "",
            "content_language": "",
            "content_type": "application/vnd.ms-fontobject",
            "etag": "a547e21eceadf53602caf057be9ad9fd",
            "force_destroy": false,
            "id": "/webfonts/fa-solid-900.eot",
            "key": "/webfonts/fa-solid-900.eot",
            "kms_key_id": null,
            "metadata": {},
            "object_lock_legal_hold_status": "",
            "object_lock_mode": "",
            "object_lock_retain_until_date": "",
            "server_side_encryption": "",
            "source": "static-web/webfonts/fa-solid-900.eot",
            "source_hash": null,
            "storage_class": "STANDARD",
            "tags": {},
            "tags_all": {},
            "version_id": "",
            "website_redirect": ""
          },
          "sensitive_attributes": [],
          "private": "bnVsbA==",
          "dependencies": [
            "aws_s3_bucket.static"
          ]
        },
        {
          "index_key": "static-web/webfonts/fa-solid-900.svg",
          "schema_version": 0,
          "attributes": {
            "acl": "private",
            "bucket": "line-chatbot-static",
            "bucket_key_enabled": false,
            "cache_control": "",
            "content": null,
            "content_base64": null,
            "content_disposition": "",
            "content_encoding": "",
            "content_language": "",
            "content_type": "image/svg+xml",
            "etag": "fdc155d57b7351ef85b3028ea3cfc048",
            "force_destroy": false,
            "id": "/webfonts/fa-solid-900.svg",
            "key": "/webfonts/fa-solid-900.svg",
            "kms_key_id": null,
            "metadata": {},
            "object_lock_legal_hold_status": "",
            "object_lock_mode": "",
            "object_lock_retain_until_date": "",
            "server_side_encryption": "",
            "source": "static-web/webfonts/fa-solid-900.svg",
            "source_hash": null,
            "storage_class": "STANDARD",
            "tags": {},
            "tags_all": {},
            "version_id": "",
            "website_redirect": ""
          },
          "sensitive_attributes": [],
          "private": "bnVsbA==",
          "dependencies": [
            "aws_s3_bucket.static"
          ]
        },
        {
          "index_key": "static-web/webfonts/fa-solid-900.ttf",
          "schema_version": 0,
          "attributes": {
            "acl": "private",
            "bucket": "line-chatbot-static",
            "bucket_key_enabled": false,
            "cache_control": "",
            "content": null,
            "content_base64": null,
            "content_disposition": "",
            "content_encoding": "",
            "content_language": "",
            "content_type": "font/ttf",
            "etag": "5ee32f5c8598e1a63ddf1aad4ffe54f4",
            "force_destroy": false,
            "id": "/webfonts/fa-solid-900.ttf",
            "key": "/webfonts/fa-solid-900.ttf",
            "kms_key_id": null,
            "metadata": {},
            "object_lock_legal_hold_status": "",
            "object_lock_mode": "",
            "object_lock_retain_until_date": "",
            "server_side_encryption": "",
            "source": "static-web/webfonts/fa-solid-900.ttf",
            "source_hash": null,
            "storage_class": "STANDARD",
            "tags": {},
            "tags_all": {},
            "version_id": "",
            "website_redirect": ""
          },
          "sensitive_attributes": [],
          "private": "bnVsbA==",
          "dependencies": [
            "aws_s3_bucket.static"
          ]
        },
        {
          "index_key": "static-web/webfonts/fa-solid-900.woff",
          "schema_version": 0,
          "attributes": {
            "acl": "private",
            "bucket": "line-chatbot-static",
            "bucket_key_enabled": false,
            "cache_control": "",
            "content": null,
            "content_base64": null,
            "content_disposition": "",
            "content_encoding": "",
            "content_language": "",
            "content_type": "font/woff",
            "etag": "657a469469a2fc38a2901c68a3d56512",
            "force_destroy": false,
            "id": "/webfonts/fa-solid-900.woff",
            "key": "/webfonts/fa-solid-900.woff",
            "kms_key_id": null,
            "metadata": {},
            "object_lock_legal_hold_status": "",
            "object_lock_mode": "",
            "object_lock_retain_until_date": "",
            "server_side_encryption": "",
            "source": "static-web/webfonts/fa-solid-900.woff",
            "source_hash": null,
            "storage_class": "STANDARD",
            "tags": {},
            "tags_all": {},
            "version_id": "",
            "website_redirect": ""
          },
          "sensitive_attributes": [],
          "private": "bnVsbA==",
          "dependencies": [
            "aws_s3_bucket.static"
          ]
        },
        {
          "index_key": "static-web/webfonts/fa-solid-900.woff2",
          "schema_version": 0,
          "attributes": {
            "acl": "private",
            "bucket": "line-chatbot-static",
            "bucket_key_enabled": false,
            "cache_control": "",
            "content": null,
            "content_base64": null,
            "content_disposition": "",
            "content_encoding": "",
            "content_language": "",
            "content_type": "font/woff2",
            "etag": "2cd2be177470d5096992572176bbe76e",
            "force_destroy": false,
            "id": "/webfonts/fa-solid-900.woff2",
            "key": "/webfonts/fa-solid-900.woff2",
            "kms_key_id": null,
            "metadata": {},
            "object_lock_legal_hold_status": "",
            "object_lock_mode": "",
            "object_lock_retain_until_date": "",
            "server_side_encryption": "",
            "source": "static-web/webfonts/fa-solid-900.woff2",
            "source_hash": null,
            "storage_class": "STANDARD",
            "tags": {},
            "tags_all": {},
            "version_id": "",
            "website_redirect": ""
          },
          "sensitive_attributes": [],
          "private": "bnVsbA==",
          "dependencies": [
            "aws_s3_bucket.static"
          ]
        }
      ]
    }
  ]
}
